
Microsoft Visual Studio Solution File, Format Version 12.00
# Visual Studio Version 17
VisualStudioVersion = 17.1.32210.238
MinimumVisualStudioVersion = 10.0.40219.1
Project("{FAE04EC0-301F-11D3-BF4B-00C04F79EFBC}") = "MovieDataBase", "MovieDataBase\MovieDataBase.csproj", "{52316105-2776-46A6-A48F-DE5DB23E437F}"
EndProject
Global
	GlobalSection(SolutionConfigurationPlatforms) = preSolution
		Debug|Any CPU = Debug|Any CPU
		Release|Any CPU = Release|Any CPU
	EndGlobalSection
	GlobalSection(ProjectConfigurationPlatforms) = postSolution
		{52316105-2776-46A6-A48F-DE5DB23E437F}.Debug|Any CPU.ActiveCfg = Debug|Any CPU
		{52316105-2776-46A6-A48F-DE5DB23E437F}.Debug|Any CPU.Build.0 = Debug|Any CPU
		{52316105-2776-46A6-A48F-DE5DB23E437F}.Release|Any CPU.ActiveCfg = Release|Any CPU
		{52316105-2776-46A6-A48F-DE5DB23E437F}.Release|Any CPU.Build.0 = Release|Any CPU
	EndGlobalSection
	GlobalSection(SolutionProperties) = preSolution
		HideSolutionNode = FALSE
	EndGlobalSection
	GlobalSection(ExtensibilityGlobals) = postSolution
		SolutionGuid = {67738F75-F441-4987-900F-F6F8AA8C13F1}
	EndGlobalSection
EndGlobal
